
Microsoft Visual Studio Solution File, Format Version 12.00
# Visual Studio Version 17
VisualStudioVersion = 17.0.31903.59
MinimumVisualStudioVersion = 10.0.40219.1
Project("{FAE04EC0-301F-11D3-BF4B-00C04F79EFBC}") = "Sphere.Admin.Server", "Sphere.Admin.Server\Sphere.Admin.Server.csproj", "{B7BCA7C3-DB7F-4667-B485-A4435561865D}"
EndProject
Project("{FAE04EC0-301F-11D3-BF4B-00C04F79EFBC}") = "Sphere.Admin.Client", "Sphere.Admin.Client\Sphere.Admin.Client.csproj", "{9D801BEA-13C5-4AEB-98A7-C3D2A2BEEB6C}"
EndProject
Project("{FAE04EC0-301F-11D3-BF4B-00C04F79EFBC}") = "Sphere.Admin.Shared", "Sphere.Admin.Shared\Sphere.Admin.Shared.csproj", "{16724040-1288-4A90-80EE-65F8DD0C87D6}"
EndProject
Project("{FAE04EC0-301F-11D3-BF4B-00C04F79EFBC}") = "Company.Admin.Server", "Company.Admin.Server\Company.Admin.Server.csproj", "{4335464B-262F-4FEB-9418-7C2C6A3A3117}"
EndProject
Project("{FAE04EC0-301F-11D3-BF4B-00C04F79EFBC}") = "Company.Admin.Client", "Company.Admin.Client\Company.Admin.Client.csproj", "{5C7188D1-D876-4569-B6CC-9EF7DC8BBEB3}"
EndProject
Project("{FAE04EC0-301F-11D3-BF4B-00C04F79EFBC}") = "Company.Admin.Shared", "Company.Admin.Shared\Company.Admin.Shared.csproj", "{1E8BD4C2-6475-4F0B-9DA7-7B878DD45D8F}"
EndProject
Project("{FAE04EC0-301F-11D3-BF4B-00C04F79EFBC}") = "Employee.App.Server", "Employee.App.Server\Employee.App.Server.csproj", "{8CC282DF-78C0-4071-B98B-B2D07B37430C}"
EndProject
Project("{FAE04EC0-301F-11D3-BF4B-00C04F79EFBC}") = "Employee.App.Client", "Employee.App.Client\Employee.App.Client.csproj", "{16D9D313-1A6B-4D4E-8C0F-E49EC9BAD158}"
EndProject
Project("{FAE04EC0-301F-11D3-BF4B-00C04F79EFBC}") = "Employee.App.Shared", "Employee.App.Shared\Employee.App.Shared.csproj", "{4C720EF7-6BB5-4938-9668-4F105F4313AB}"
EndProject
Project("{FAE04EC0-301F-11D3-BF4B-00C04F79EFBC}") = "Shared.Models", "Shared.Models\Shared.Models.csproj", "{A6C92D55-65EF-4A2D-A60F-AB22249BDFF4}"
EndProject
Project("{FAE04EC0-301F-11D3-BF4B-00C04F79EFBC}") = "Shared.Services", "Shared.Services\Shared.Services.csproj", "{2C7143C3-9C7A-4BA4-8CEF-354E221CBBEF}"
EndProject
Project("{FAE04EC0-301F-11D3-BF4B-00C04F79EFBC}") = "Database.Setup", "Database.Setup\Database.Setup.csproj", "{5047373C-9C10-4AB9-821D-1575B90C0A09}"
EndProject
Global
	GlobalSection(SolutionConfigurationPlatforms) = preSolution
		Debug|Any CPU = Debug|Any CPU
		Debug|x64 = Debug|x64
		Debug|x86 = Debug|x86
		Release|Any CPU = Release|Any CPU
		Release|x64 = Release|x64
		Release|x86 = Release|x86
	EndGlobalSection
	GlobalSection(ProjectConfigurationPlatforms) = postSolution
		{B7BCA7C3-DB7F-4667-B485-A4435561865D}.Debug|Any CPU.ActiveCfg = Debug|Any CPU
		{B7BCA7C3-DB7F-4667-B485-A4435561865D}.Debug|Any CPU.Build.0 = Debug|Any CPU
		{B7BCA7C3-DB7F-4667-B485-A4435561865D}.Debug|x64.ActiveCfg = Debug|Any CPU
		{B7BCA7C3-DB7F-4667-B485-A4435561865D}.Debug|x64.Build.0 = Debug|Any CPU
		{B7BCA7C3-DB7F-4667-B485-A4435561865D}.Debug|x86.ActiveCfg = Debug|Any CPU
		{B7BCA7C3-DB7F-4667-B485-A4435561865D}.Debug|x86.Build.0 = Debug|Any CPU
		{B7BCA7C3-DB7F-4667-B485-A4435561865D}.Release|Any CPU.ActiveCfg = Release|Any CPU
		{B7BCA7C3-DB7F-4667-B485-A4435561865D}.Release|Any CPU.Build.0 = Release|Any CPU
		{B7BCA7C3-DB7F-4667-B485-A4435561865D}.Release|x64.ActiveCfg = Release|Any CPU
		{B7BCA7C3-DB7F-4667-B485-A4435561865D}.Release|x64.Build.0 = Release|Any CPU
		{B7BCA7C3-DB7F-4667-B485-A4435561865D}.Release|x86.ActiveCfg = Release|Any CPU
		{B7BCA7C3-DB7F-4667-B485-A4435561865D}.Release|x86.Build.0 = Release|Any CPU
		{9D801BEA-13C5-4AEB-98A7-C3D2A2BEEB6C}.Debug|Any CPU.ActiveCfg = Debug|Any CPU
		{9D801BEA-13C5-4AEB-98A7-C3D2A2BEEB6C}.Debug|Any CPU.Build.0 = Debug|Any CPU
		{9D801BEA-13C5-4AEB-98A7-C3D2A2BEEB6C}.Debug|x64.ActiveCfg = Debug|Any CPU
		{9D801BEA-13C5-4AEB-98A7-C3D2A2BEEB6C}.Debug|x64.Build.0 = Debug|Any CPU
		{9D801BEA-13C5-4AEB-98A7-C3D2A2BEEB6C}.Debug|x86.ActiveCfg = Debug|Any CPU
		{9D801BEA-13C5-4AEB-98A7-C3D2A2BEEB6C}.Debug|x86.Build.0 = Debug|Any CPU
		{9D801BEA-13C5-4AEB-98A7-C3D2A2BEEB6C}.Release|Any CPU.ActiveCfg = Release|Any CPU
		{9D801BEA-13C5-4AEB-98A7-C3D2A2BEEB6C}.Release|Any CPU.Build.0 = Release|Any CPU
		{9D801BEA-13C5-4AEB-98A7-C3D2A2BEEB6C}.Release|x64.ActiveCfg = Release|Any CPU
		{9D801BEA-13C5-4AEB-98A7-C3D2A2BEEB6C}.Release|x64.Build.0 = Release|Any CPU
		{9D801BEA-13C5-4AEB-98A7-C3D2A2BEEB6C}.Release|x86.ActiveCfg = Release|Any CPU
		{9D801BEA-13C5-4AEB-98A7-C3D2A2BEEB6C}.Release|x86.Build.0 = Release|Any CPU
		{16724040-1288-4A90-80EE-65F8DD0C87D6}.Debug|Any CPU.ActiveCfg = Debug|Any CPU
		{16724040-1288-4A90-80EE-65F8DD0C87D6}.Debug|Any CPU.Build.0 = Debug|Any CPU
		{16724040-1288-4A90-80EE-65F8DD0C87D6}.Debug|x64.ActiveCfg = Debug|Any CPU
		{16724040-1288-4A90-80EE-65F8DD0C87D6}.Debug|x64.Build.0 = Debug|Any CPU
		{16724040-1288-4A90-80EE-65F8DD0C87D6}.Debug|x86.ActiveCfg = Debug|Any CPU
		{16724040-1288-4A90-80EE-65F8DD0C87D6}.Debug|x86.Build.0 = Debug|Any CPU
		{16724040-1288-4A90-80EE-65F8DD0C87D6}.Release|Any CPU.ActiveCfg = Release|Any CPU
		{16724040-1288-4A90-80EE-65F8DD0C87D6}.Release|Any CPU.Build.0 = Release|Any CPU
		{16724040-1288-4A90-80EE-65F8DD0C87D6}.Release|x64.ActiveCfg = Release|Any CPU
		{16724040-1288-4A90-80EE-65F8DD0C87D6}.Release|x64.Build.0 = Release|Any CPU
		{16724040-1288-4A90-80EE-65F8DD0C87D6}.Release|x86.ActiveCfg = Release|Any CPU
		{16724040-1288-4A90-80EE-65F8DD0C87D6}.Release|x86.Build.0 = Release|Any CPU
		{4335464B-262F-4FEB-9418-7C2C6A3A3117}.Debug|Any CPU.ActiveCfg = Debug|Any CPU
		{4335464B-262F-4FEB-9418-7C2C6A3A3117}.Debug|Any CPU.Build.0 = Debug|Any CPU
		{4335464B-262F-4FEB-9418-7C2C6A3A3117}.Debug|x64.ActiveCfg = Debug|Any CPU
		{4335464B-262F-4FEB-9418-7C2C6A3A3117}.Debug|x64.Build.0 = Debug|Any CPU
		{4335464B-262F-4FEB-9418-7C2C6A3A3117}.Debug|x86.ActiveCfg = Debug|Any CPU
		{4335464B-262F-4FEB-9418-7C2C6A3A3117}.Debug|x86.Build.0 = Debug|Any CPU
		{4335464B-262F-4FEB-9418-7C2C6A3A3117}.Release|Any CPU.ActiveCfg = Release|Any CPU
		{4335464B-262F-4FEB-9418-7C2C6A3A3117}.Release|Any CPU.Build.0 = Release|Any CPU
		{4335464B-262F-4FEB-9418-7C2C6A3A3117}.Release|x64.ActiveCfg = Release|Any CPU
		{4335464B-262F-4FEB-9418-7C2C6A3A3117}.Release|x64.Build.0 = Release|Any CPU
		{4335464B-262F-4FEB-9418-7C2C6A3A3117}.Release|x86.ActiveCfg = Release|Any CPU
		{4335464B-262F-4FEB-9418-7C2C6A3A3117}.Release|x86.Build.0 = Release|Any CPU
		{5C7188D1-D876-4569-B6CC-9EF7DC8BBEB3}.Debug|Any CPU.ActiveCfg = Debug|Any CPU
		{5C7188D1-D876-4569-B6CC-9EF7DC8BBEB3}.Debug|Any CPU.Build.0 = Debug|Any CPU
		{5C7188D1-D876-4569-B6CC-9EF7DC8BBEB3}.Debug|x64.ActiveCfg = Debug|Any CPU
		{5C7188D1-D876-4569-B6CC-9EF7DC8BBEB3}.Debug|x64.Build.0 = Debug|Any CPU
		{5C7188D1-D876-4569-B6CC-9EF7DC8BBEB3}.Debug|x86.ActiveCfg = Debug|Any CPU
		{5C7188D1-D876-4569-B6CC-9EF7DC8BBEB3}.Debug|x86.Build.0 = Debug|Any CPU
		{5C7188D1-D876-4569-B6CC-9EF7DC8BBEB3}.Release|Any CPU.ActiveCfg = Release|Any CPU
		{5C7188D1-D876-4569-B6CC-9EF7DC8BBEB3}.Release|Any CPU.Build.0 = Release|Any CPU
		{5C7188D1-D876-4569-B6CC-9EF7DC8BBEB3}.Release|x64.ActiveCfg = Release|Any CPU
		{5C7188D1-D876-4569-B6CC-9EF7DC8BBEB3}.Release|x64.Build.0 = Release|Any CPU
		{5C7188D1-D876-4569-B6CC-9EF7DC8BBEB3}.Release|x86.ActiveCfg = Release|Any CPU
		{5C7188D1-D876-4569-B6CC-9EF7DC8BBEB3}.Release|x86.Build.0 = Release|Any CPU
		{1E8BD4C2-6475-4F0B-9DA7-7B878DD45D8F}.Debug|Any CPU.ActiveCfg = Debug|Any CPU
		{1E8BD4C2-6475-4F0B-9DA7-7B878DD45D8F}.Debug|Any CPU.Build.0 = Debug|Any CPU
		{1E8BD4C2-6475-4F0B-9DA7-7B878DD45D8F}.Debug|x64.ActiveCfg = Debug|Any CPU
		{1E8BD4C2-6475-4F0B-9DA7-7B878DD45D8F}.Debug|x64.Build.0 = Debug|Any CPU
		{1E8BD4C2-6475-4F0B-9DA7-7B878DD45D8F}.Debug|x86.ActiveCfg = Debug|Any CPU
		{1E8BD4C2-6475-4F0B-9DA7-7B878DD45D8F}.Debug|x86.Build.0 = Debug|Any CPU
		{1E8BD4C2-6475-4F0B-9DA7-7B878DD45D8F}.Release|Any CPU.ActiveCfg = Release|Any CPU
		{1E8BD4C2-6475-4F0B-9DA7-7B878DD45D8F}.Release|Any CPU.Build.0 = Release|Any CPU
		{1E8BD4C2-6475-4F0B-9DA7-7B878DD45D8F}.Release|x64.ActiveCfg = Release|Any CPU
		{1E8BD4C2-6475-4F0B-9DA7-7B878DD45D8F}.Release|x64.Build.0 = Release|Any CPU
		{1E8BD4C2-6475-4F0B-9DA7-7B878DD45D8F}.Release|x86.ActiveCfg = Release|Any CPU
		{1E8BD4C2-6475-4F0B-9DA7-7B878DD45D8F}.Release|x86.Build.0 = Release|Any CPU
		{8CC282DF-78C0-4071-B98B-B2D07B37430C}.Debug|Any CPU.ActiveCfg = Debug|Any CPU
		{8CC282DF-78C0-4071-B98B-B2D07B37430C}.Debug|Any CPU.Build.0 = Debug|Any CPU
		{8CC282DF-78C0-4071-B98B-B2D07B37430C}.Debug|x64.ActiveCfg = Debug|Any CPU
		{8CC282DF-78C0-4071-B98B-B2D07B37430C}.Debug|x64.Build.0 = Debug|Any CPU
		{8CC282DF-78C0-4071-B98B-B2D07B37430C}.Debug|x86.ActiveCfg = Debug|Any CPU
		{8CC282DF-78C0-4071-B98B-B2D07B37430C}.Debug|x86.Build.0 = Debug|Any CPU
		{8CC282DF-78C0-4071-B98B-B2D07B37430C}.Release|Any CPU.ActiveCfg = Release|Any CPU
		{8CC282DF-78C0-4071-B98B-B2D07B37430C}.Release|Any CPU.Build.0 = Release|Any CPU
		{8CC282DF-78C0-4071-B98B-B2D07B37430C}.Release|x64.ActiveCfg = Release|Any CPU
		{8CC282DF-78C0-4071-B98B-B2D07B37430C}.Release|x64.Build.0 = Release|Any CPU
		{8CC282DF-78C0-4071-B98B-B2D07B37430C}.Release|x86.ActiveCfg = Release|Any CPU
		{8CC282DF-78C0-4071-B98B-B2D07B37430C}.Release|x86.Build.0 = Release|Any CPU
		{16D9D313-1A6B-4D4E-8C0F-E49EC9BAD158}.Debug|Any CPU.ActiveCfg = Debug|Any CPU
		{16D9D313-1A6B-4D4E-8C0F-E49EC9BAD158}.Debug|Any CPU.Build.0 = Debug|Any CPU
		{16D9D313-1A6B-4D4E-8C0F-E49EC9BAD158}.Debug|x64.ActiveCfg = Debug|Any CPU
		{16D9D313-1A6B-4D4E-8C0F-E49EC9BAD158}.Debug|x64.Build.0 = Debug|Any CPU
		{16D9D313-1A6B-4D4E-8C0F-E49EC9BAD158}.Debug|x86.ActiveCfg = Debug|Any CPU
		{16D9D313-1A6B-4D4E-8C0F-E49EC9BAD158}.Debug|x86.Build.0 = Debug|Any CPU
		{16D9D313-1A6B-4D4E-8C0F-E49EC9BAD158}.Release|Any CPU.ActiveCfg = Release|Any CPU
		{16D9D313-1A6B-4D4E-8C0F-E49EC9BAD158}.Release|Any CPU.Build.0 = Release|Any CPU
		{16D9D313-1A6B-4D4E-8C0F-E49EC9BAD158}.Release|x64.ActiveCfg = Release|Any CPU
		{16D9D313-1A6B-4D4E-8C0F-E49EC9BAD158}.Release|x64.Build.0 = Release|Any CPU
		{16D9D313-1A6B-4D4E-8C0F-E49EC9BAD158}.Release|x86.ActiveCfg = Release|Any CPU
		{16D9D313-1A6B-4D4E-8C0F-E49EC9BAD158}.Release|x86.Build.0 = Release|Any CPU
		{4C720EF7-6BB5-4938-9668-4F105F4313AB}.Debug|Any CPU.ActiveCfg = Debug|Any CPU
		{4C720EF7-6BB5-4938-9668-4F105F4313AB}.Debug|Any CPU.Build.0 = Debug|Any CPU
		{4C720EF7-6BB5-4938-9668-4F105F4313AB}.Debug|x64.ActiveCfg = Debug|Any CPU
		{4C720EF7-6BB5-4938-9668-4F105F4313AB}.Debug|x64.Build.0 = Debug|Any CPU
		{4C720EF7-6BB5-4938-9668-4F105F4313AB}.Debug|x86.ActiveCfg = Debug|Any CPU
		{4C720EF7-6BB5-4938-9668-4F105F4313AB}.Debug|x86.Build.0 = Debug|Any CPU
		{4C720EF7-6BB5-4938-9668-4F105F4313AB}.Release|Any CPU.ActiveCfg = Release|Any CPU
		{4C720EF7-6BB5-4938-9668-4F105F4313AB}.Release|Any CPU.Build.0 = Release|Any CPU
		{4C720EF7-6BB5-4938-9668-4F105F4313AB}.Release|x64.ActiveCfg = Release|Any CPU
		{4C720EF7-6BB5-4938-9668-4F105F4313AB}.Release|x64.Build.0 = Release|Any CPU
		{4C720EF7-6BB5-4938-9668-4F105F4313AB}.Release|x86.ActiveCfg = Release|Any CPU
		{4C720EF7-6BB5-4938-9668-4F105F4313AB}.Release|x86.Build.0 = Release|Any CPU
		{A6C92D55-65EF-4A2D-A60F-AB22249BDFF4}.Debug|Any CPU.ActiveCfg = Debug|Any CPU
		{A6C92D55-65EF-4A2D-A60F-AB22249BDFF4}.Debug|Any CPU.Build.0 = Debug|Any CPU
		{A6C92D55-65EF-4A2D-A60F-AB22249BDFF4}.Debug|x64.ActiveCfg = Debug|Any CPU
		{A6C92D55-65EF-4A2D-A60F-AB22249BDFF4}.Debug|x64.Build.0 = Debug|Any CPU
		{A6C92D55-65EF-4A2D-A60F-AB22249BDFF4}.Debug|x86.ActiveCfg = Debug|Any CPU
		{A6C92D55-65EF-4A2D-A60F-AB22249BDFF4}.Debug|x86.Build.0 = Debug|Any CPU
		{A6C92D55-65EF-4A2D-A60F-AB22249BDFF4}.Release|Any CPU.ActiveCfg = Release|Any CPU
		{A6C92D55-65EF-4A2D-A60F-AB22249BDFF4}.Release|Any CPU.Build.0 = Release|Any CPU
		{A6C92D55-65EF-4A2D-A60F-AB22249BDFF4}.Release|x64.ActiveCfg = Release|Any CPU
		{A6C92D55-65EF-4A2D-A60F-AB22249BDFF4}.Release|x64.Build.0 = Release|Any CPU
		{A6C92D55-65EF-4A2D-A60F-AB22249BDFF4}.Release|x86.ActiveCfg = Release|Any CPU
		{A6C92D55-65EF-4A2D-A60F-AB22249BDFF4}.Release|x86.Build.0 = Release|Any CPU
		{2C7143C3-9C7A-4BA4-8CEF-354E221CBBEF}.Debug|Any CPU.ActiveCfg = Debug|Any CPU
		{2C7143C3-9C7A-4BA4-8CEF-354E221CBBEF}.Debug|Any CPU.Build.0 = Debug|Any CPU
		{2C7143C3-9C7A-4BA4-8CEF-354E221CBBEF}.Debug|x64.ActiveCfg = Debug|Any CPU
		{2C7143C3-9C7A-4BA4-8CEF-354E221CBBEF}.Debug|x64.Build.0 = Debug|Any CPU
		{2C7143C3-9C7A-4BA4-8CEF-354E221CBBEF}.Debug|x86.ActiveCfg = Debug|Any CPU
		{2C7143C3-9C7A-4BA4-8CEF-354E221CBBEF}.Debug|x86.Build.0 = Debug|Any CPU
		{2C7143C3-9C7A-4BA4-8CEF-354E221CBBEF}.Release|Any CPU.ActiveCfg = Release|Any CPU
		{2C7143C3-9C7A-4BA4-8CEF-354E221CBBEF}.Release|Any CPU.Build.0 = Release|Any CPU
		{2C7143C3-9C7A-4BA4-8CEF-354E221CBBEF}.Release|x64.ActiveCfg = Release|Any CPU
		{2C7143C3-9C7A-4BA4-8CEF-354E221CBBEF}.Release|x64.Build.0 = Release|Any CPU
		{2C7143C3-9C7A-4BA4-8CEF-354E221CBBEF}.Release|x86.ActiveCfg = Release|Any CPU
		{2C7143C3-9C7A-4BA4-8CEF-354E221CBBEF}.Release|x86.Build.0 = Release|Any CPU
		{5047373C-9C10-4AB9-821D-1575B90C0A09}.Debug|Any CPU.ActiveCfg = Debug|Any CPU
		{5047373C-9C10-4AB9-821D-1575B90C0A09}.Debug|Any CPU.Build.0 = Debug|Any CPU
		{5047373C-9C10-4AB9-821D-1575B90C0A09}.Debug|x64.ActiveCfg = Debug|Any CPU
		{5047373C-9C10-4AB9-821D-1575B90C0A09}.Debug|x64.Build.0 = Debug|Any CPU
		{5047373C-9C10-4AB9-821D-1575B90C0A09}.Debug|x86.ActiveCfg = Debug|Any CPU
		{5047373C-9C10-4AB9-821D-1575B90C0A09}.Debug|x86.Build.0 = Debug|Any CPU
		{5047373C-9C10-4AB9-821D-1575B90C0A09}.Release|Any CPU.ActiveCfg = Release|Any CPU
		{5047373C-9C10-4AB9-821D-1575B90C0A09}.Release|Any CPU.Build.0 = Release|Any CPU
		{5047373C-9C10-4AB9-821D-1575B90C0A09}.Release|x64.ActiveCfg = Release|Any CPU
		{5047373C-9C10-4AB9-821D-1575B90C0A09}.Release|x64.Build.0 = Release|Any CPU
		{5047373C-9C10-4AB9-821D-1575B90C0A09}.Release|x86.ActiveCfg = Release|Any CPU
		{5047373C-9C10-4AB9-821D-1575B90C0A09}.Release|x86.Build.0 = Release|Any CPU
	EndGlobalSection
	GlobalSection(SolutionProperties) = preSolution
		HideSolutionNode = FALSE
	EndGlobalSection
EndGlobal
